
Microsoft Visual Studio Solution File, Format Version 10.00
# Visual Studio 2008
Project("{8BC9CEB8-8B4A-11D0-8D11-00A0C91BC942}") = "AircraftLanding", "..\..\AircraftLanding\MicrosoftVisualStudio\AircraftLanding.vcproj", "{C2FA66BB-9DE8-4974-B253-9C4EDDE86991}"
EndProject
Project("{8BC9CEB8-8B4A-11D0-8D11-00A0C91BC942}") = "AirfoilSelfNoise", "..\..\AirfoilSelfNoise\MicrosoftVisualStudio\AirfoilSelfNoise.vcproj", "{6E9A8F74-7B08-469D-B1A9-078E5469D109}"
EndProject
Project("{8BC9CEB8-8B4A-11D0-8D11-00A0C91BC942}") = "BrachistochroneProblem", "..\..\BrachistochroneProblem\MicrosoftVisualStudio\BrachistochroneProblem.vcproj", "{B374E06E-69F6-47E3-8335-F6552276718A}"
EndProject
Project("{8BC9CEB8-8B4A-11D0-8D11-00A0C91BC942}") = "CarProblem", "..\..\CarProblem\MicrosoftVisualStudio\CarProblem.vcproj", "{E6769BAF-DD63-49F4-9F13-88DC071115E4}"
EndProject
Project("{8BC9CEB8-8B4A-11D0-8D11-00A0C91BC942}") = "CarProblemNeurocomputing", "..\..\CarProblemNeurocomputing\MicrosoftVisualStudio\CarProblemNeurocomputing.vcproj", "{51B5C619-E300-45C1-BD18-C3F5C70915CD}"
EndProject
Project("{8BC9CEB8-8B4A-11D0-8D11-00A0C91BC942}") = "CatenaryProblem", "..\..\CatenaryProblem\MicrosoftVisualStudio\CatenaryProblem.vcproj", "{151201CC-24EC-4A67-8FC3-A27E4341F83A}"
EndProject
Project("{8BC9CEB8-8B4A-11D0-8D11-00A0C91BC942}") = "DeJongFunction", "..\..\DeJongFunction\MicrosoftVisualStudio\DeJongFunction.vcproj", "{128BA1CE-8E40-4524-BDF0-ADE9FEEEC313}"
EndProject
Project("{8BC9CEB8-8B4A-11D0-8D11-00A0C91BC942}") = "EasomFunction", "..\..\EasomFunction\MicrosoftVisualStudio\EasomFunction.vcproj", "{65EDFF65-4D98-4731-9BC0-CCAA67BC70B0}"
EndProject
Project("{8BC9CEB8-8B4A-11D0-8D11-00A0C91BC942}") = "FedBatchFermenter", "..\..\FedBatchFermenter\MicrosoftVisualStudio\FedBatchFermenter.vcproj", "{0597871F-BAEC-4DFC-A921-C4B2DDAD399F}"
EndProject
Project("{8BC9CEB8-8B4A-11D0-8D11-00A0C91BC942}") = "GeodesicProblem", "..\..\GeodesicProblem\MicrosoftVisualStudio\GeodesicProblem.vcproj", "{1408813B-3C5E-41F5-B663-B958925FB70D}"
EndProject
Project("{8BC9CEB8-8B4A-11D0-8D11-00A0C91BC942}") = "IrisPlant", "..\..\IrisPlant\MicrosoftVisualStudio\IrisPlant.vcproj", "{AE339E2E-9794-4914-9965-C28CD8C87BC7}"
EndProject
Project("{8BC9CEB8-8B4A-11D0-8D11-00A0C91BC942}") = "IsoperimetricProblem", "..\..\IsoperimetricProblem\MicrosoftVisualStudio\IsoperimetricProblem.vcproj", "{0C0E8CAC-A4CE-4044-803C-641D40461884}"
EndProject
Project("{8BC9CEB8-8B4A-11D0-8D11-00A0C91BC942}") = "LogicalOperations", "..\..\LogicalOperations\MicrosoftVisualStudio\LogicalOperations.vcproj", "{B3F9B2CE-57E7-4131-8460-DC8D65F1021E}"
EndProject
Project("{8BC9CEB8-8B4A-11D0-8D11-00A0C91BC942}") = "MinimumDragProblem", "..\..\MinimumDragProblem\MicrosoftVisualStudio\MinimumDragProblem.vcproj", "{F22C0043-6AAA-4593-B23A-5F8F3AACF677}"
EndProject
Project("{8BC9CEB8-8B4A-11D0-8D11-00A0C91BC942}") = "PimaIndiansDiabetes", "..\..\PimaIndiansDiabetes\MicrosoftVisualStudio\PimaIndiansDiabetes.vcproj", "{503BD584-593C-4F00-8524-E1426CBA571A}"
EndProject
Project("{8BC9CEB8-8B4A-11D0-8D11-00A0C91BC942}") = "PlaneCylinder", "..\..\PlaneCylinder\MicrosoftVisualStudio\PlaneCylinder.vcproj", "{62F4DD36-D1D8-466F-B949-811321B5CECE}"
EndProject
Project("{8BC9CEB8-8B4A-11D0-8D11-00A0C91BC942}") = "PrecipitateDissolutionModeling", "..\..\PrecipitateDissolutionModeling\MicrosoftVisualStudio\PrecipitateDissolutionModeling.vcproj", "{F277D46A-3DBD-44B3-91CF-BA32A4C04207}"
EndProject
Project("{8BC9CEB8-8B4A-11D0-8D11-00A0C91BC942}") = "RastriginFunction", "..\..\RastriginFunction\MicrosoftVisualStudio\RastriginFunction.vcproj", "{914F71AA-57DB-47FE-98E9-2A0FF7DCBF49}"
EndProject
Project("{8BC9CEB8-8B4A-11D0-8D11-00A0C91BC942}") = "RosenbrockFunction", "..\..\RosenbrockFunction\MicrosoftVisualStudio\RosenbrockFunction.vcproj", "{F2C2F054-5687-4E92-B3DA-80039CD6C49E}"
EndProject
Project("{8BC9CEB8-8B4A-11D0-8D11-00A0C91BC942}") = "SchwefelFunction", "..\..\SchwefelFunction\MicrosoftVisualStudio\SchwefelFunction.vcproj", "{0A49CECA-6A22-4187-B26C-0985E788587C}"
EndProject
Project("{8BC9CEB8-8B4A-11D0-8D11-00A0C91BC942}") = "SixHumpCamelBackFunction", "..\..\SixHumpCamelBackFunction\MicrosoftVisualStudio\SixHumpCamelBackFunction.vcproj", "{E39CEF04-CB7E-4C95-B6BC-E553753B5161}"
EndProject
Project("{8BC9CEB8-8B4A-11D0-8D11-00A0C91BC942}") = "YachtResistance", "..\..\YachtResistance\MicrosoftVisualStudio\YachtResistance.vcproj", "{72CBAB94-7B44-47C0-A4AC-8044C7FF6DE1}"
EndProject
Project("{2150E333-8FDC-42A3-9474-1A3956D46DE8}") = "ClassicalProblems", "ClassicalProblems", "{823AF22D-113A-4CB4-B53F-E1D8E106BAE0}"
EndProject
Project("{2150E333-8FDC-42A3-9474-1A3956D46DE8}") = "FunctionRegression", "FunctionRegression", "{C36BCB0E-A06D-4EBD-9DA4-AD4AFFFE06EE}"
EndProject
Project("{2150E333-8FDC-42A3-9474-1A3956D46DE8}") = "PatternRecognition", "PatternRecognition", "{5D36B58E-A147-41C1-901D-08DFDAC8A8E3}"
EndProject
Project("{2150E333-8FDC-42A3-9474-1A3956D46DE8}") = "OptimalControl", "OptimalControl", "{78D19A31-2EAD-4646-AC03-426DB44CD97B}"
EndProject
Project("{2150E333-8FDC-42A3-9474-1A3956D46DE8}") = "OptimalShapeDesign", "OptimalShapeDesign", "{99FDD44E-1589-42A7-A377-67B0A0633DF5}"
EndProject
Project("{2150E333-8FDC-42A3-9474-1A3956D46DE8}") = "InverseProblems", "InverseProblems", "{AE32F1F7-A059-42FE-B212-A53E5805C536}"
EndProject
Project("{2150E333-8FDC-42A3-9474-1A3956D46DE8}") = "FunctionOptimization", "FunctionOptimization", "{E004FF9D-B1AB-42F2-AEDA-A62EF96A08C5}"
EndProject
Project("{8BC9CEB8-8B4A-11D0-8D11-00A0C91BC942}") = "SimpleFunctionRegression", "..\..\SimpleFunctionRegression\MicrosoftVisualStudio\SimpleFunctionRegression.vcproj", "{2ACFCB70-D560-4CFC-A7E7-5CFF33ACB513}"
EndProject
Project("{8BC9CEB8-8B4A-11D0-8D11-00A0C91BC942}") = "SimplePatternRecognition", "..\..\SimplePatternRecognition\MicrosoftVisualStudio\SimplePatternRecognition.vcproj", "{5A13917C-18AD-4A7E-83AD-F447CE4432E7}"
EndProject
Global
	GlobalSection(SolutionConfigurationPlatforms) = preSolution
		Debug|Win32 = Debug|Win32
		Release|Win32 = Release|Win32
	EndGlobalSection
	GlobalSection(ProjectConfigurationPlatforms) = postSolution
		{C2FA66BB-9DE8-4974-B253-9C4EDDE86991}.Debug|Win32.ActiveCfg = Debug|Win32
		{C2FA66BB-9DE8-4974-B253-9C4EDDE86991}.Debug|Win32.Build.0 = Debug|Win32
		{C2FA66BB-9DE8-4974-B253-9C4EDDE86991}.Release|Win32.ActiveCfg = Release|Win32
		{C2FA66BB-9DE8-4974-B253-9C4EDDE86991}.Release|Win32.Build.0 = Release|Win32
		{6E9A8F74-7B08-469D-B1A9-078E5469D109}.Debug|Win32.ActiveCfg = Debug|Win32
		{6E9A8F74-7B08-469D-B1A9-078E5469D109}.Debug|Win32.Build.0 = Debug|Win32
		{6E9A8F74-7B08-469D-B1A9-078E5469D109}.Release|Win32.ActiveCfg = Release|Win32
		{6E9A8F74-7B08-469D-B1A9-078E5469D109}.Release|Win32.Build.0 = Release|Win32
		{B374E06E-69F6-47E3-8335-F6552276718A}.Debug|Win32.ActiveCfg = Debug|Win32
		{B374E06E-69F6-47E3-8335-F6552276718A}.Debug|Win32.Build.0 = Debug|Win32
		{B374E06E-69F6-47E3-8335-F6552276718A}.Release|Win32.ActiveCfg = Release|Win32
		{B374E06E-69F6-47E3-8335-F6552276718A}.Release|Win32.Build.0 = Release|Win32
		{E6769BAF-DD63-49F4-9F13-88DC071115E4}.Debug|Win32.ActiveCfg = Debug|Win32
		{E6769BAF-DD63-49F4-9F13-88DC071115E4}.Debug|Win32.Build.0 = Debug|Win32
		{E6769BAF-DD63-49F4-9F13-88DC071115E4}.Release|Win32.ActiveCfg = Release|Win32
		{E6769BAF-DD63-49F4-9F13-88DC071115E4}.Release|Win32.Build.0 = Release|Win32
		{51B5C619-E300-45C1-BD18-C3F5C70915CD}.Debug|Win32.ActiveCfg = Debug|Win32
		{51B5C619-E300-45C1-BD18-C3F5C70915CD}.Debug|Win32.Build.0 = Debug|Win32
		{51B5C619-E300-45C1-BD18-C3F5C70915CD}.Release|Win32.ActiveCfg = Release|Win32
		{51B5C619-E300-45C1-BD18-C3F5C70915CD}.Release|Win32.Build.0 = Release|Win32
		{151201CC-24EC-4A67-8FC3-A27E4341F83A}.Debug|Win32.ActiveCfg = Debug|Win32
		{151201CC-24EC-4A67-8FC3-A27E4341F83A}.Debug|Win32.Build.0 = Debug|Win32
		{151201CC-24EC-4A67-8FC3-A27E4341F83A}.Release|Win32.ActiveCfg = Release|Win32
		{151201CC-24EC-4A67-8FC3-A27E4341F83A}.Release|Win32.Build.0 = Release|Win32
		{128BA1CE-8E40-4524-BDF0-ADE9FEEEC313}.Debug|Win32.ActiveCfg = Debug|Win32
		{128BA1CE-8E40-4524-BDF0-ADE9FEEEC313}.Debug|Win32.Build.0 = Debug|Win32
		{128BA1CE-8E40-4524-BDF0-ADE9FEEEC313}.Release|Win32.ActiveCfg = Release|Win32
		{128BA1CE-8E40-4524-BDF0-ADE9FEEEC313}.Release|Win32.Build.0 = Release|Win32
		{65EDFF65-4D98-4731-9BC0-CCAA67BC70B0}.Debug|Win32.ActiveCfg = Debug|Win32
		{65EDFF65-4D98-4731-9BC0-CCAA67BC70B0}.Debug|Win32.Build.0 = Debug|Win32
		{65EDFF65-4D98-4731-9BC0-CCAA67BC70B0}.Release|Win32.ActiveCfg = Release|Win32
		{65EDFF65-4D98-4731-9BC0-CCAA67BC70B0}.Release|Win32.Build.0 = Release|Win32
		{0597871F-BAEC-4DFC-A921-C4B2DDAD399F}.Debug|Win32.ActiveCfg = Debug|Win32
		{0597871F-BAEC-4DFC-A921-C4B2DDAD399F}.Debug|Win32.Build.0 = Debug|Win32
		{0597871F-BAEC-4DFC-A921-C4B2DDAD399F}.Release|Win32.ActiveCfg = Release|Win32
		{0597871F-BAEC-4DFC-A921-C4B2DDAD399F}.Release|Win32.Build.0 = Release|Win32
		{1408813B-3C5E-41F5-B663-B958925FB70D}.Debug|Win32.ActiveCfg = Debug|Win32
		{1408813B-3C5E-41F5-B663-B958925FB70D}.Debug|Win32.Build.0 = Debug|Win32
		{1408813B-3C5E-41F5-B663-B958925FB70D}.Release|Win32.ActiveCfg = Release|Win32
		{1408813B-3C5E-41F5-B663-B958925FB70D}.Release|Win32.Build.0 = Release|Win32
		{AE339E2E-9794-4914-9965-C28CD8C87BC7}.Debug|Win32.ActiveCfg = Debug|Win32
		{AE339E2E-9794-4914-9965-C28CD8C87BC7}.Debug|Win32.Build.0 = Debug|Win32
		{AE339E2E-9794-4914-9965-C28CD8C87BC7}.Release|Win32.ActiveCfg = Release|Win32
		{AE339E2E-9794-4914-9965-C28CD8C87BC7}.Release|Win32.Build.0 = Release|Win32
		{0C0E8CAC-A4CE-4044-803C-641D40461884}.Debug|Win32.ActiveCfg = Debug|Win32
		{0C0E8CAC-A4CE-4044-803C-641D40461884}.Debug|Win32.Build.0 = Debug|Win32
		{0C0E8CAC-A4CE-4044-803C-641D40461884}.Release|Win32.ActiveCfg = Release|Win32
		{0C0E8CAC-A4CE-4044-803C-641D40461884}.Release|Win32.Build.0 = Release|Win32
		{B3F9B2CE-57E7-4131-8460-DC8D65F1021E}.Debug|Win32.ActiveCfg = Debug|Win32
		{B3F9B2CE-57E7-4131-8460-DC8D65F1021E}.Debug|Win32.Build.0 = Debug|Win32
		{B3F9B2CE-57E7-4131-8460-DC8D65F1021E}.Release|Win32.ActiveCfg = Release|Win32
		{B3F9B2CE-57E7-4131-8460-DC8D65F1021E}.Release|Win32.Build.0 = Release|Win32
		{F22C0043-6AAA-4593-B23A-5F8F3AACF677}.Debug|Win32.ActiveCfg = Debug|Win32
		{F22C0043-6AAA-4593-B23A-5F8F3AACF677}.Debug|Win32.Build.0 = Debug|Win32
		{F22C0043-6AAA-4593-B23A-5F8F3AACF677}.Release|Win32.ActiveCfg = Release|Win32
		{F22C0043-6AAA-4593-B23A-5F8F3AACF677}.Release|Win32.Build.0 = Release|Win32
		{503BD584-593C-4F00-8524-E1426CBA571A}.Debug|Win32.ActiveCfg = Debug|Win32
		{503BD584-593C-4F00-8524-E1426CBA571A}.Debug|Win32.Build.0 = Debug|Win32
		{503BD584-593C-4F00-8524-E1426CBA571A}.Release|Win32.ActiveCfg = Release|Win32
		{503BD584-593C-4F00-8524-E1426CBA571A}.Release|Win32.Build.0 = Release|Win32
		{62F4DD36-D1D8-466F-B949-811321B5CECE}.Debug|Win32.ActiveCfg = Debug|Win32
		{62F4DD36-D1D8-466F-B949-811321B5CECE}.Debug|Win32.Build.0 = Debug|Win32
		{62F4DD36-D1D8-466F-B949-811321B5CECE}.Release|Win32.ActiveCfg = Release|Win32
		{62F4DD36-D1D8-466F-B949-811321B5CECE}.Release|Win32.Build.0 = Release|Win32
		{F277D46A-3DBD-44B3-91CF-BA32A4C04207}.Debug|Win32.ActiveCfg = Debug|Win32
		{F277D46A-3DBD-44B3-91CF-BA32A4C04207}.Debug|Win32.Build.0 = Debug|Win32
		{F277D46A-3DBD-44B3-91CF-BA32A4C04207}.Release|Win32.ActiveCfg = Release|Win32
		{F277D46A-3DBD-44B3-91CF-BA32A4C04207}.Release|Win32.Build.0 = Release|Win32
		{914F71AA-57DB-47FE-98E9-2A0FF7DCBF49}.Debug|Win32.ActiveCfg = Debug|Win32
		{914F71AA-57DB-47FE-98E9-2A0FF7DCBF49}.Debug|Win32.Build.0 = Debug|Win32
		{914F71AA-57DB-47FE-98E9-2A0FF7DCBF49}.Release|Win32.ActiveCfg = Release|Win32
		{914F71AA-57DB-47FE-98E9-2A0FF7DCBF49}.Release|Win32.Build.0 = Release|Win32
		{F2C2F054-5687-4E92-B3DA-80039CD6C49E}.Debug|Win32.ActiveCfg = Debug|Win32
		{F2C2F054-5687-4E92-B3DA-80039CD6C49E}.Debug|Win32.Build.0 = Debug|Win32
		{F2C2F054-5687-4E92-B3DA-80039CD6C49E}.Release|Win32.ActiveCfg = Release|Win32
		{F2C2F054-5687-4E92-B3DA-80039CD6C49E}.Release|Win32.Build.0 = Release|Win32
		{0A49CECA-6A22-4187-B26C-0985E788587C}.Debug|Win32.ActiveCfg = Debug|Win32
		{0A49CECA-6A22-4187-B26C-0985E788587C}.Debug|Win32.Build.0 = Debug|Win32
		{0A49CECA-6A22-4187-B26C-0985E788587C}.Release|Win32.ActiveCfg = Release|Win32
		{0A49CECA-6A22-4187-B26C-0985E788587C}.Release|Win32.Build.0 = Release|Win32
		{E39CEF04-CB7E-4C95-B6BC-E553753B5161}.Debug|Win32.ActiveCfg = Debug|Win32
		{E39CEF04-CB7E-4C95-B6BC-E553753B5161}.Debug|Win32.Build.0 = Debug|Win32
		{E39CEF04-CB7E-4C95-B6BC-E553753B5161}.Release|Win32.ActiveCfg = Release|Win32
		{E39CEF04-CB7E-4C95-B6BC-E553753B5161}.Release|Win32.Build.0 = Release|Win32
		{72CBAB94-7B44-47C0-A4AC-8044C7FF6DE1}.Debug|Win32.ActiveCfg = Debug|Win32
		{72CBAB94-7B44-47C0-A4AC-8044C7FF6DE1}.Debug|Win32.Build.0 = Debug|Win32
		{72CBAB94-7B44-47C0-A4AC-8044C7FF6DE1}.Release|Win32.ActiveCfg = Release|Win32
		{72CBAB94-7B44-47C0-A4AC-8044C7FF6DE1}.Release|Win32.Build.0 = Release|Win32
		{2ACFCB70-D560-4CFC-A7E7-5CFF33ACB513}.Debug|Win32.ActiveCfg = Debug|Win32
		{2ACFCB70-D560-4CFC-A7E7-5CFF33ACB513}.Debug|Win32.Build.0 = Debug|Win32
		{2ACFCB70-D560-4CFC-A7E7-5CFF33ACB513}.Release|Win32.ActiveCfg = Release|Win32
		{2ACFCB70-D560-4CFC-A7E7-5CFF33ACB513}.Release|Win32.Build.0 = Release|Win32
		{5A13917C-18AD-4A7E-83AD-F447CE4432E7}.Debug|Win32.ActiveCfg = Debug|Win32
		{5A13917C-18AD-4A7E-83AD-F447CE4432E7}.Debug|Win32.Build.0 = Debug|Win32
		{5A13917C-18AD-4A7E-83AD-F447CE4432E7}.Release|Win32.ActiveCfg = Release|Win32
		{5A13917C-18AD-4A7E-83AD-F447CE4432E7}.Release|Win32.Build.0 = Release|Win32
	EndGlobalSection
	GlobalSection(SolutionProperties) = preSolution
		HideSolutionNode = FALSE
	EndGlobalSection
	GlobalSection(NestedProjects) = preSolution
		{E6769BAF-DD63-49F4-9F13-88DC071115E4} = {78D19A31-2EAD-4646-AC03-426DB44CD97B}
		{51B5C619-E300-45C1-BD18-C3F5C70915CD} = {78D19A31-2EAD-4646-AC03-426DB44CD97B}
		{0597871F-BAEC-4DFC-A921-C4B2DDAD399F} = {78D19A31-2EAD-4646-AC03-426DB44CD97B}
		{C2FA66BB-9DE8-4974-B253-9C4EDDE86991} = {78D19A31-2EAD-4646-AC03-426DB44CD97B}
		{72CBAB94-7B44-47C0-A4AC-8044C7FF6DE1} = {C36BCB0E-A06D-4EBD-9DA4-AD4AFFFE06EE}
		{6E9A8F74-7B08-469D-B1A9-078E5469D109} = {C36BCB0E-A06D-4EBD-9DA4-AD4AFFFE06EE}
		{2ACFCB70-D560-4CFC-A7E7-5CFF33ACB513} = {C36BCB0E-A06D-4EBD-9DA4-AD4AFFFE06EE}
		{151201CC-24EC-4A67-8FC3-A27E4341F83A} = {823AF22D-113A-4CB4-B53F-E1D8E106BAE0}
		{1408813B-3C5E-41F5-B663-B958925FB70D} = {823AF22D-113A-4CB4-B53F-E1D8E106BAE0}
		{0C0E8CAC-A4CE-4044-803C-641D40461884} = {823AF22D-113A-4CB4-B53F-E1D8E106BAE0}
		{B3F9B2CE-57E7-4131-8460-DC8D65F1021E} = {823AF22D-113A-4CB4-B53F-E1D8E106BAE0}
		{B374E06E-69F6-47E3-8335-F6552276718A} = {823AF22D-113A-4CB4-B53F-E1D8E106BAE0}
		{65EDFF65-4D98-4731-9BC0-CCAA67BC70B0} = {E004FF9D-B1AB-42F2-AEDA-A62EF96A08C5}
		{62F4DD36-D1D8-466F-B949-811321B5CECE} = {E004FF9D-B1AB-42F2-AEDA-A62EF96A08C5}
		{914F71AA-57DB-47FE-98E9-2A0FF7DCBF49} = {E004FF9D-B1AB-42F2-AEDA-A62EF96A08C5}
		{F2C2F054-5687-4E92-B3DA-80039CD6C49E} = {E004FF9D-B1AB-42F2-AEDA-A62EF96A08C5}
		{0A49CECA-6A22-4187-B26C-0985E788587C} = {E004FF9D-B1AB-42F2-AEDA-A62EF96A08C5}
		{E39CEF04-CB7E-4C95-B6BC-E553753B5161} = {E004FF9D-B1AB-42F2-AEDA-A62EF96A08C5}
		{128BA1CE-8E40-4524-BDF0-ADE9FEEEC313} = {E004FF9D-B1AB-42F2-AEDA-A62EF96A08C5}
		{503BD584-593C-4F00-8524-E1426CBA571A} = {5D36B58E-A147-41C1-901D-08DFDAC8A8E3}
		{AE339E2E-9794-4914-9965-C28CD8C87BC7} = {5D36B58E-A147-41C1-901D-08DFDAC8A8E3}
		{5A13917C-18AD-4A7E-83AD-F447CE4432E7} = {5D36B58E-A147-41C1-901D-08DFDAC8A8E3}
		{F22C0043-6AAA-4593-B23A-5F8F3AACF677} = {99FDD44E-1589-42A7-A377-67B0A0633DF5}
		{F277D46A-3DBD-44B3-91CF-BA32A4C04207} = {AE32F1F7-A059-42FE-B212-A53E5805C536}
	EndGlobalSection
EndGlobal
