
Microsoft Visual Studio Solution File, Format Version 10.00
# Visual Studio 2008
Project("{8BC9CEB8-8B4A-11D0-8D11-00A0C91BC942}") = "PimaIndiansDiabetes", "PimaIndiansDiabetes.vcproj", "{503BD584-593C-4F00-8524-E1426CBA571A}"
EndProject
Global
	GlobalSection(SolutionConfigurationPlatforms) = preSolution
		Debug|Win32 = Debug|Win32
		Release|Win32 = Release|Win32
	EndGlobalSection
	GlobalSection(ProjectConfigurationPlatforms) = postSolution
		{503BD584-593C-4F00-8524-E1426CBA571A}.Debug|Win32.ActiveCfg = Debug|Win32
		{503BD584-593C-4F00-8524-E1426CBA571A}.Debug|Win32.Build.0 = Debug|Win32
		{503BD584-593C-4F00-8524-E1426CBA571A}.Release|Win32.ActiveCfg = Release|Win32
		{503BD584-593C-4F00-8524-E1426CBA571A}.Release|Win32.Build.0 = Release|Win32
	EndGlobalSection
	GlobalSection(SolutionProperties) = preSolution
		HideSolutionNode = FALSE
	EndGlobalSection
EndGlobal
