
Microsoft Visual Studio Solution File, Format Version 10.00
# Visual Studio 2008
Project("{8BC9CEB8-8B4A-11D0-8D11-00A0C91BC942}") = "SimpleFunctionRegression", "SimpleFunctionRegression.vcproj", "{2ACFCB70-D560-4CFC-A7E7-5CFF33ACB513}"
EndProject
Global
	GlobalSection(SolutionConfigurationPlatforms) = preSolution
		Debug|Win32 = Debug|Win32
		Release|Win32 = Release|Win32
	EndGlobalSection
	GlobalSection(ProjectConfigurationPlatforms) = postSolution
		{2ACFCB70-D560-4CFC-A7E7-5CFF33ACB513}.Debug|Win32.ActiveCfg = Release|Win32
		{2ACFCB70-D560-4CFC-A7E7-5CFF33ACB513}.Debug|Win32.Build.0 = Release|Win32
		{2ACFCB70-D560-4CFC-A7E7-5CFF33ACB513}.Release|Win32.ActiveCfg = Release|Win32
		{2ACFCB70-D560-4CFC-A7E7-5CFF33ACB513}.Release|Win32.Build.0 = Release|Win32
	EndGlobalSection
	GlobalSection(SolutionProperties) = preSolution
		HideSolutionNode = FALSE
	EndGlobalSection
EndGlobal
