
Microsoft Visual Studio Solution File, Format Version 10.00
# Visual Studio 2008
Project("{8BC9CEB8-8B4A-11D0-8D11-00A0C91BC942}") = "YachtResistance", "YachtResistance.vcproj", "{72CBAB94-7B44-47C0-A4AC-8044C7FF6DE1}"
EndProject
Global
	GlobalSection(SolutionConfigurationPlatforms) = preSolution
		Debug|Win32 = Debug|Win32
		Release|Win32 = Release|Win32
	EndGlobalSection
	GlobalSection(ProjectConfigurationPlatforms) = postSolution
		{72CBAB94-7B44-47C0-A4AC-8044C7FF6DE1}.Debug|Win32.ActiveCfg = Debug|Win32
		{72CBAB94-7B44-47C0-A4AC-8044C7FF6DE1}.Debug|Win32.Build.0 = Debug|Win32
		{72CBAB94-7B44-47C0-A4AC-8044C7FF6DE1}.Release|Win32.ActiveCfg = Release|Win32
		{72CBAB94-7B44-47C0-A4AC-8044C7FF6DE1}.Release|Win32.Build.0 = Release|Win32
	EndGlobalSection
	GlobalSection(SolutionProperties) = preSolution
		HideSolutionNode = FALSE
	EndGlobalSection
EndGlobal
